
Microsoft Visual Studio Solution File, Format Version 12.00
# Visual Studio 15
VisualStudioVersion = 15.0.26228.9
MinimumVisualStudioVersion = 10.0.40219.1
Project("{FAE04EC0-301F-11D3-BF4B-00C04F79EFBC}") = "Learnike.Data", "Learnike.Data\Learnike.Data.csproj", "{4AE8AD86-DDA7-4378-9C17-A88E67E484AC}"
EndProject
Project("{FAE04EC0-301F-11D3-BF4B-00C04F79EFBC}") = "Learnike.Models", "Learnike.Models\Learnike.Models.csproj", "{EB0754FE-AB38-4680-8C84-ED875F4A62B7}"
EndProject
Project("{FAE04EC0-301F-11D3-BF4B-00C04F79EFBC}") = "Learnike.Api", "Learnike.Api\Learnike.Api.csproj", "{ED5A8F08-78D9-42E1-8FB6-2D615319BF32}"
EndProject
Project("{2150E333-8FDC-42A3-9474-1A3956D46DE8}") = "Libraries", "Libraries", "{FB5068BE-3C4F-462E-9D7C-5242908667C6}"
EndProject
Project("{FAE04EC0-301F-11D3-BF4B-00C04F79EFBC}") = "Learnike.Web", "Frontends\Learnike.Web\Learnike.Web.csproj", "{47CB8BE0-F0AC-4D88-9C1C-B4AEC6BACEE3}"
EndProject
Global
	GlobalSection(SolutionConfigurationPlatforms) = preSolution
		Ad-Hoc|Android = Ad-Hoc|Android
		Ad-Hoc|Any CPU = Ad-Hoc|Any CPU
		Ad-Hoc|ARM = Ad-Hoc|ARM
		Ad-Hoc|iOS = Ad-Hoc|iOS
		Ad-Hoc|iPhone = Ad-Hoc|iPhone
		Ad-Hoc|iPhoneSimulator = Ad-Hoc|iPhoneSimulator
		Ad-Hoc|Windows-ARM = Ad-Hoc|Windows-ARM
		Ad-Hoc|Windows-x64 = Ad-Hoc|Windows-x64
		Ad-Hoc|Windows-x86 = Ad-Hoc|Windows-x86
		Ad-Hoc|x64 = Ad-Hoc|x64
		Ad-Hoc|x86 = Ad-Hoc|x86
		AppStore|Android = AppStore|Android
		AppStore|Any CPU = AppStore|Any CPU
		AppStore|ARM = AppStore|ARM
		AppStore|iOS = AppStore|iOS
		AppStore|iPhone = AppStore|iPhone
		AppStore|iPhoneSimulator = AppStore|iPhoneSimulator
		AppStore|Windows-ARM = AppStore|Windows-ARM
		AppStore|Windows-x64 = AppStore|Windows-x64
		AppStore|Windows-x86 = AppStore|Windows-x86
		AppStore|x64 = AppStore|x64
		AppStore|x86 = AppStore|x86
		Debug|Android = Debug|Android
		Debug|Any CPU = Debug|Any CPU
		Debug|ARM = Debug|ARM
		Debug|iOS = Debug|iOS
		Debug|iPhone = Debug|iPhone
		Debug|iPhoneSimulator = Debug|iPhoneSimulator
		Debug|Windows-ARM = Debug|Windows-ARM
		Debug|Windows-x64 = Debug|Windows-x64
		Debug|Windows-x86 = Debug|Windows-x86
		Debug|x64 = Debug|x64
		Debug|x86 = Debug|x86
		Release|Android = Release|Android
		Release|Any CPU = Release|Any CPU
		Release|ARM = Release|ARM
		Release|iOS = Release|iOS
		Release|iPhone = Release|iPhone
		Release|iPhoneSimulator = Release|iPhoneSimulator
		Release|Windows-ARM = Release|Windows-ARM
		Release|Windows-x64 = Release|Windows-x64
		Release|Windows-x86 = Release|Windows-x86
		Release|x64 = Release|x64
		Release|x86 = Release|x86
	EndGlobalSection
	GlobalSection(ProjectConfigurationPlatforms) = postSolution
		{4AE8AD86-DDA7-4378-9C17-A88E67E484AC}.Ad-Hoc|Android.ActiveCfg = Release|Any CPU
		{4AE8AD86-DDA7-4378-9C17-A88E67E484AC}.Ad-Hoc|Android.Build.0 = Release|Any CPU
		{4AE8AD86-DDA7-4378-9C17-A88E67E484AC}.Ad-Hoc|Any CPU.ActiveCfg = Release|Any CPU
		{4AE8AD86-DDA7-4378-9C17-A88E67E484AC}.Ad-Hoc|Any CPU.Build.0 = Release|Any CPU
		{4AE8AD86-DDA7-4378-9C17-A88E67E484AC}.Ad-Hoc|ARM.ActiveCfg = Release|Any CPU
		{4AE8AD86-DDA7-4378-9C17-A88E67E484AC}.Ad-Hoc|ARM.Build.0 = Release|Any CPU
		{4AE8AD86-DDA7-4378-9C17-A88E67E484AC}.Ad-Hoc|iOS.ActiveCfg = Release|Any CPU
		{4AE8AD86-DDA7-4378-9C17-A88E67E484AC}.Ad-Hoc|iOS.Build.0 = Release|Any CPU
		{4AE8AD86-DDA7-4378-9C17-A88E67E484AC}.Ad-Hoc|iPhone.ActiveCfg = Release|Any CPU
		{4AE8AD86-DDA7-4378-9C17-A88E67E484AC}.Ad-Hoc|iPhone.Build.0 = Release|Any CPU
		{4AE8AD86-DDA7-4378-9C17-A88E67E484AC}.Ad-Hoc|iPhoneSimulator.ActiveCfg = Release|Any CPU
		{4AE8AD86-DDA7-4378-9C17-A88E67E484AC}.Ad-Hoc|iPhoneSimulator.Build.0 = Release|Any CPU
		{4AE8AD86-DDA7-4378-9C17-A88E67E484AC}.Ad-Hoc|Windows-ARM.ActiveCfg = Release|Any CPU
		{4AE8AD86-DDA7-4378-9C17-A88E67E484AC}.Ad-Hoc|Windows-ARM.Build.0 = Release|Any CPU
		{4AE8AD86-DDA7-4378-9C17-A88E67E484AC}.Ad-Hoc|Windows-x64.ActiveCfg = Release|Any CPU
		{4AE8AD86-DDA7-4378-9C17-A88E67E484AC}.Ad-Hoc|Windows-x64.Build.0 = Release|Any CPU
		{4AE8AD86-DDA7-4378-9C17-A88E67E484AC}.Ad-Hoc|Windows-x86.ActiveCfg = Release|Any CPU
		{4AE8AD86-DDA7-4378-9C17-A88E67E484AC}.Ad-Hoc|Windows-x86.Build.0 = Release|Any CPU
		{4AE8AD86-DDA7-4378-9C17-A88E67E484AC}.Ad-Hoc|x64.ActiveCfg = Release|Any CPU
		{4AE8AD86-DDA7-4378-9C17-A88E67E484AC}.Ad-Hoc|x64.Build.0 = Release|Any CPU
		{4AE8AD86-DDA7-4378-9C17-A88E67E484AC}.Ad-Hoc|x86.ActiveCfg = Release|Any CPU
		{4AE8AD86-DDA7-4378-9C17-A88E67E484AC}.Ad-Hoc|x86.Build.0 = Release|Any CPU
		{4AE8AD86-DDA7-4378-9C17-A88E67E484AC}.AppStore|Android.ActiveCfg = Release|Any CPU
		{4AE8AD86-DDA7-4378-9C17-A88E67E484AC}.AppStore|Android.Build.0 = Release|Any CPU
		{4AE8AD86-DDA7-4378-9C17-A88E67E484AC}.AppStore|Any CPU.ActiveCfg = Release|Any CPU
		{4AE8AD86-DDA7-4378-9C17-A88E67E484AC}.AppStore|Any CPU.Build.0 = Release|Any CPU
		{4AE8AD86-DDA7-4378-9C17-A88E67E484AC}.AppStore|ARM.ActiveCfg = Release|Any CPU
		{4AE8AD86-DDA7-4378-9C17-A88E67E484AC}.AppStore|ARM.Build.0 = Release|Any CPU
		{4AE8AD86-DDA7-4378-9C17-A88E67E484AC}.AppStore|iOS.ActiveCfg = Release|Any CPU
		{4AE8AD86-DDA7-4378-9C17-A88E67E484AC}.AppStore|iOS.Build.0 = Release|Any CPU
		{4AE8AD86-DDA7-4378-9C17-A88E67E484AC}.AppStore|iPhone.ActiveCfg = Release|Any CPU
		{4AE8AD86-DDA7-4378-9C17-A88E67E484AC}.AppStore|iPhone.Build.0 = Release|Any CPU
		{4AE8AD86-DDA7-4378-9C17-A88E67E484AC}.AppStore|iPhoneSimulator.ActiveCfg = Release|Any CPU
		{4AE8AD86-DDA7-4378-9C17-A88E67E484AC}.AppStore|iPhoneSimulator.Build.0 = Release|Any CPU
		{4AE8AD86-DDA7-4378-9C17-A88E67E484AC}.AppStore|Windows-ARM.ActiveCfg = Release|Any CPU
		{4AE8AD86-DDA7-4378-9C17-A88E67E484AC}.AppStore|Windows-ARM.Build.0 = Release|Any CPU
		{4AE8AD86-DDA7-4378-9C17-A88E67E484AC}.AppStore|Windows-x64.ActiveCfg = Release|Any CPU
		{4AE8AD86-DDA7-4378-9C17-A88E67E484AC}.AppStore|Windows-x64.Build.0 = Release|Any CPU
		{4AE8AD86-DDA7-4378-9C17-A88E67E484AC}.AppStore|Windows-x86.ActiveCfg = Release|Any CPU
		{4AE8AD86-DDA7-4378-9C17-A88E67E484AC}.AppStore|Windows-x86.Build.0 = Release|Any CPU
		{4AE8AD86-DDA7-4378-9C17-A88E67E484AC}.AppStore|x64.ActiveCfg = Release|Any CPU
		{4AE8AD86-DDA7-4378-9C17-A88E67E484AC}.AppStore|x64.Build.0 = Release|Any CPU
		{4AE8AD86-DDA7-4378-9C17-A88E67E484AC}.AppStore|x86.ActiveCfg = Release|Any CPU
		{4AE8AD86-DDA7-4378-9C17-A88E67E484AC}.AppStore|x86.Build.0 = Release|Any CPU
		{4AE8AD86-DDA7-4378-9C17-A88E67E484AC}.Debug|Android.ActiveCfg = Debug|Any CPU
		{4AE8AD86-DDA7-4378-9C17-A88E67E484AC}.Debug|Android.Build.0 = Debug|Any CPU
		{4AE8AD86-DDA7-4378-9C17-A88E67E484AC}.Debug|Any CPU.ActiveCfg = Debug|Any CPU
		{4AE8AD86-DDA7-4378-9C17-A88E67E484AC}.Debug|Any CPU.Build.0 = Debug|Any CPU
		{4AE8AD86-DDA7-4378-9C17-A88E67E484AC}.Debug|ARM.ActiveCfg = Debug|Any CPU
		{4AE8AD86-DDA7-4378-9C17-A88E67E484AC}.Debug|ARM.Build.0 = Debug|Any CPU
		{4AE8AD86-DDA7-4378-9C17-A88E67E484AC}.Debug|iOS.ActiveCfg = Debug|Any CPU
		{4AE8AD86-DDA7-4378-9C17-A88E67E484AC}.Debug|iOS.Build.0 = Debug|Any CPU
		{4AE8AD86-DDA7-4378-9C17-A88E67E484AC}.Debug|iPhone.ActiveCfg = Debug|Any CPU
		{4AE8AD86-DDA7-4378-9C17-A88E67E484AC}.Debug|iPhone.Build.0 = Debug|Any CPU
		{4AE8AD86-DDA7-4378-9C17-A88E67E484AC}.Debug|iPhoneSimulator.ActiveCfg = Debug|Any CPU
		{4AE8AD86-DDA7-4378-9C17-A88E67E484AC}.Debug|iPhoneSimulator.Build.0 = Debug|Any CPU
		{4AE8AD86-DDA7-4378-9C17-A88E67E484AC}.Debug|Windows-ARM.ActiveCfg = Debug|Any CPU
		{4AE8AD86-DDA7-4378-9C17-A88E67E484AC}.Debug|Windows-ARM.Build.0 = Debug|Any CPU
		{4AE8AD86-DDA7-4378-9C17-A88E67E484AC}.Debug|Windows-x64.ActiveCfg = Debug|Any CPU
		{4AE8AD86-DDA7-4378-9C17-A88E67E484AC}.Debug|Windows-x64.Build.0 = Debug|Any CPU
		{4AE8AD86-DDA7-4378-9C17-A88E67E484AC}.Debug|Windows-x86.ActiveCfg = Debug|Any CPU
		{4AE8AD86-DDA7-4378-9C17-A88E67E484AC}.Debug|Windows-x86.Build.0 = Debug|Any CPU
		{4AE8AD86-DDA7-4378-9C17-A88E67E484AC}.Debug|x64.ActiveCfg = Debug|Any CPU
		{4AE8AD86-DDA7-4378-9C17-A88E67E484AC}.Debug|x64.Build.0 = Debug|Any CPU
		{4AE8AD86-DDA7-4378-9C17-A88E67E484AC}.Debug|x86.ActiveCfg = Debug|Any CPU
		{4AE8AD86-DDA7-4378-9C17-A88E67E484AC}.Debug|x86.Build.0 = Debug|Any CPU
		{4AE8AD86-DDA7-4378-9C17-A88E67E484AC}.Release|Android.ActiveCfg = Release|Any CPU
		{4AE8AD86-DDA7-4378-9C17-A88E67E484AC}.Release|Android.Build.0 = Release|Any CPU
		{4AE8AD86-DDA7-4378-9C17-A88E67E484AC}.Release|Any CPU.ActiveCfg = Release|Any CPU
		{4AE8AD86-DDA7-4378-9C17-A88E67E484AC}.Release|Any CPU.Build.0 = Release|Any CPU
		{4AE8AD86-DDA7-4378-9C17-A88E67E484AC}.Release|ARM.ActiveCfg = Release|Any CPU
		{4AE8AD86-DDA7-4378-9C17-A88E67E484AC}.Release|ARM.Build.0 = Release|Any CPU
		{4AE8AD86-DDA7-4378-9C17-A88E67E484AC}.Release|iOS.ActiveCfg = Release|Any CPU
		{4AE8AD86-DDA7-4378-9C17-A88E67E484AC}.Release|iOS.Build.0 = Release|Any CPU
		{4AE8AD86-DDA7-4378-9C17-A88E67E484AC}.Release|iPhone.ActiveCfg = Release|Any CPU
		{4AE8AD86-DDA7-4378-9C17-A88E67E484AC}.Release|iPhone.Build.0 = Release|Any CPU
		{4AE8AD86-DDA7-4378-9C17-A88E67E484AC}.Release|iPhoneSimulator.ActiveCfg = Release|Any CPU
		{4AE8AD86-DDA7-4378-9C17-A88E67E484AC}.Release|iPhoneSimulator.Build.0 = Release|Any CPU
		{4AE8AD86-DDA7-4378-9C17-A88E67E484AC}.Release|Windows-ARM.ActiveCfg = Release|Any CPU
		{4AE8AD86-DDA7-4378-9C17-A88E67E484AC}.Release|Windows-ARM.Build.0 = Release|Any CPU
		{4AE8AD86-DDA7-4378-9C17-A88E67E484AC}.Release|Windows-x64.ActiveCfg = Release|Any CPU
		{4AE8AD86-DDA7-4378-9C17-A88E67E484AC}.Release|Windows-x64.Build.0 = Release|Any CPU
		{4AE8AD86-DDA7-4378-9C17-A88E67E484AC}.Release|Windows-x86.ActiveCfg = Release|Any CPU
		{4AE8AD86-DDA7-4378-9C17-A88E67E484AC}.Release|Windows-x86.Build.0 = Release|Any CPU
		{4AE8AD86-DDA7-4378-9C17-A88E67E484AC}.Release|x64.ActiveCfg = Release|Any CPU
		{4AE8AD86-DDA7-4378-9C17-A88E67E484AC}.Release|x64.Build.0 = Release|Any CPU
		{4AE8AD86-DDA7-4378-9C17-A88E67E484AC}.Release|x86.ActiveCfg = Release|Any CPU
		{4AE8AD86-DDA7-4378-9C17-A88E67E484AC}.Release|x86.Build.0 = Release|Any CPU
		{EB0754FE-AB38-4680-8C84-ED875F4A62B7}.Ad-Hoc|Android.ActiveCfg = Release|Any CPU
		{EB0754FE-AB38-4680-8C84-ED875F4A62B7}.Ad-Hoc|Android.Build.0 = Release|Any CPU
		{EB0754FE-AB38-4680-8C84-ED875F4A62B7}.Ad-Hoc|Any CPU.ActiveCfg = Release|Any CPU
		{EB0754FE-AB38-4680-8C84-ED875F4A62B7}.Ad-Hoc|Any CPU.Build.0 = Release|Any CPU
		{EB0754FE-AB38-4680-8C84-ED875F4A62B7}.Ad-Hoc|ARM.ActiveCfg = Release|Any CPU
		{EB0754FE-AB38-4680-8C84-ED875F4A62B7}.Ad-Hoc|ARM.Build.0 = Release|Any CPU
		{EB0754FE-AB38-4680-8C84-ED875F4A62B7}.Ad-Hoc|iOS.ActiveCfg = Release|Any CPU
		{EB0754FE-AB38-4680-8C84-ED875F4A62B7}.Ad-Hoc|iOS.Build.0 = Release|Any CPU
		{EB0754FE-AB38-4680-8C84-ED875F4A62B7}.Ad-Hoc|iPhone.ActiveCfg = Release|Any CPU
		{EB0754FE-AB38-4680-8C84-ED875F4A62B7}.Ad-Hoc|iPhone.Build.0 = Release|Any CPU
		{EB0754FE-AB38-4680-8C84-ED875F4A62B7}.Ad-Hoc|iPhoneSimulator.ActiveCfg = Release|Any CPU
		{EB0754FE-AB38-4680-8C84-ED875F4A62B7}.Ad-Hoc|iPhoneSimulator.Build.0 = Release|Any CPU
		{EB0754FE-AB38-4680-8C84-ED875F4A62B7}.Ad-Hoc|Windows-ARM.ActiveCfg = Release|Any CPU
		{EB0754FE-AB38-4680-8C84-ED875F4A62B7}.Ad-Hoc|Windows-ARM.Build.0 = Release|Any CPU
		{EB0754FE-AB38-4680-8C84-ED875F4A62B7}.Ad-Hoc|Windows-x64.ActiveCfg = Release|Any CPU
		{EB0754FE-AB38-4680-8C84-ED875F4A62B7}.Ad-Hoc|Windows-x64.Build.0 = Release|Any CPU
		{EB0754FE-AB38-4680-8C84-ED875F4A62B7}.Ad-Hoc|Windows-x86.ActiveCfg = Release|Any CPU
		{EB0754FE-AB38-4680-8C84-ED875F4A62B7}.Ad-Hoc|Windows-x86.Build.0 = Release|Any CPU
		{EB0754FE-AB38-4680-8C84-ED875F4A62B7}.Ad-Hoc|x64.ActiveCfg = Release|Any CPU
		{EB0754FE-AB38-4680-8C84-ED875F4A62B7}.Ad-Hoc|x64.Build.0 = Release|Any CPU
		{EB0754FE-AB38-4680-8C84-ED875F4A62B7}.Ad-Hoc|x86.ActiveCfg = Release|Any CPU
		{EB0754FE-AB38-4680-8C84-ED875F4A62B7}.Ad-Hoc|x86.Build.0 = Release|Any CPU
		{EB0754FE-AB38-4680-8C84-ED875F4A62B7}.AppStore|Android.ActiveCfg = Release|Any CPU
		{EB0754FE-AB38-4680-8C84-ED875F4A62B7}.AppStore|Android.Build.0 = Release|Any CPU
		{EB0754FE-AB38-4680-8C84-ED875F4A62B7}.AppStore|Any CPU.ActiveCfg = Release|Any CPU
		{EB0754FE-AB38-4680-8C84-ED875F4A62B7}.AppStore|Any CPU.Build.0 = Release|Any CPU
		{EB0754FE-AB38-4680-8C84-ED875F4A62B7}.AppStore|ARM.ActiveCfg = Release|Any CPU
		{EB0754FE-AB38-4680-8C84-ED875F4A62B7}.AppStore|ARM.Build.0 = Release|Any CPU
		{EB0754FE-AB38-4680-8C84-ED875F4A62B7}.AppStore|iOS.ActiveCfg = Release|Any CPU
		{EB0754FE-AB38-4680-8C84-ED875F4A62B7}.AppStore|iOS.Build.0 = Release|Any CPU
		{EB0754FE-AB38-4680-8C84-ED875F4A62B7}.AppStore|iPhone.ActiveCfg = Release|Any CPU
		{EB0754FE-AB38-4680-8C84-ED875F4A62B7}.AppStore|iPhone.Build.0 = Release|Any CPU
		{EB0754FE-AB38-4680-8C84-ED875F4A62B7}.AppStore|iPhoneSimulator.ActiveCfg = Release|Any CPU
		{EB0754FE-AB38-4680-8C84-ED875F4A62B7}.AppStore|iPhoneSimulator.Build.0 = Release|Any CPU
		{EB0754FE-AB38-4680-8C84-ED875F4A62B7}.AppStore|Windows-ARM.ActiveCfg = Release|Any CPU
		{EB0754FE-AB38-4680-8C84-ED875F4A62B7}.AppStore|Windows-ARM.Build.0 = Release|Any CPU
		{EB0754FE-AB38-4680-8C84-ED875F4A62B7}.AppStore|Windows-x64.ActiveCfg = Release|Any CPU
		{EB0754FE-AB38-4680-8C84-ED875F4A62B7}.AppStore|Windows-x64.Build.0 = Release|Any CPU
		{EB0754FE-AB38-4680-8C84-ED875F4A62B7}.AppStore|Windows-x86.ActiveCfg = Release|Any CPU
		{EB0754FE-AB38-4680-8C84-ED875F4A62B7}.AppStore|Windows-x86.Build.0 = Release|Any CPU
		{EB0754FE-AB38-4680-8C84-ED875F4A62B7}.AppStore|x64.ActiveCfg = Release|Any CPU
		{EB0754FE-AB38-4680-8C84-ED875F4A62B7}.AppStore|x64.Build.0 = Release|Any CPU
		{EB0754FE-AB38-4680-8C84-ED875F4A62B7}.AppStore|x86.ActiveCfg = Release|Any CPU
		{EB0754FE-AB38-4680-8C84-ED875F4A62B7}.AppStore|x86.Build.0 = Release|Any CPU
		{EB0754FE-AB38-4680-8C84-ED875F4A62B7}.Debug|Android.ActiveCfg = Debug|Any CPU
		{EB0754FE-AB38-4680-8C84-ED875F4A62B7}.Debug|Android.Build.0 = Debug|Any CPU
		{EB0754FE-AB38-4680-8C84-ED875F4A62B7}.Debug|Any CPU.ActiveCfg = Debug|Any CPU
		{EB0754FE-AB38-4680-8C84-ED875F4A62B7}.Debug|Any CPU.Build.0 = Debug|Any CPU
		{EB0754FE-AB38-4680-8C84-ED875F4A62B7}.Debug|ARM.ActiveCfg = Debug|Any CPU
		{EB0754FE-AB38-4680-8C84-ED875F4A62B7}.Debug|ARM.Build.0 = Debug|Any CPU
		{EB0754FE-AB38-4680-8C84-ED875F4A62B7}.Debug|iOS.ActiveCfg = Debug|Any CPU
		{EB0754FE-AB38-4680-8C84-ED875F4A62B7}.Debug|iOS.Build.0 = Debug|Any CPU
		{EB0754FE-AB38-4680-8C84-ED875F4A62B7}.Debug|iPhone.ActiveCfg = Debug|Any CPU
		{EB0754FE-AB38-4680-8C84-ED875F4A62B7}.Debug|iPhone.Build.0 = Debug|Any CPU
		{EB0754FE-AB38-4680-8C84-ED875F4A62B7}.Debug|iPhoneSimulator.ActiveCfg = Debug|Any CPU
		{EB0754FE-AB38-4680-8C84-ED875F4A62B7}.Debug|iPhoneSimulator.Build.0 = Debug|Any CPU
		{EB0754FE-AB38-4680-8C84-ED875F4A62B7}.Debug|Windows-ARM.ActiveCfg = Debug|Any CPU
		{EB0754FE-AB38-4680-8C84-ED875F4A62B7}.Debug|Windows-ARM.Build.0 = Debug|Any CPU
		{EB0754FE-AB38-4680-8C84-ED875F4A62B7}.Debug|Windows-x64.ActiveCfg = Debug|Any CPU
		{EB0754FE-AB38-4680-8C84-ED875F4A62B7}.Debug|Windows-x64.Build.0 = Debug|Any CPU
		{EB0754FE-AB38-4680-8C84-ED875F4A62B7}.Debug|Windows-x86.ActiveCfg = Debug|Any CPU
		{EB0754FE-AB38-4680-8C84-ED875F4A62B7}.Debug|Windows-x86.Build.0 = Debug|Any CPU
		{EB0754FE-AB38-4680-8C84-ED875F4A62B7}.Debug|x64.ActiveCfg = Debug|Any CPU
		{EB0754FE-AB38-4680-8C84-ED875F4A62B7}.Debug|x64.Build.0 = Debug|Any CPU
		{EB0754FE-AB38-4680-8C84-ED875F4A62B7}.Debug|x86.ActiveCfg = Debug|Any CPU
		{EB0754FE-AB38-4680-8C84-ED875F4A62B7}.Debug|x86.Build.0 = Debug|Any CPU
		{EB0754FE-AB38-4680-8C84-ED875F4A62B7}.Release|Android.ActiveCfg = Release|Any CPU
		{EB0754FE-AB38-4680-8C84-ED875F4A62B7}.Release|Android.Build.0 = Release|Any CPU
		{EB0754FE-AB38-4680-8C84-ED875F4A62B7}.Release|Any CPU.ActiveCfg = Release|Any CPU
		{EB0754FE-AB38-4680-8C84-ED875F4A62B7}.Release|Any CPU.Build.0 = Release|Any CPU
		{EB0754FE-AB38-4680-8C84-ED875F4A62B7}.Release|ARM.ActiveCfg = Release|Any CPU
		{EB0754FE-AB38-4680-8C84-ED875F4A62B7}.Release|ARM.Build.0 = Release|Any CPU
		{EB0754FE-AB38-4680-8C84-ED875F4A62B7}.Release|iOS.ActiveCfg = Release|Any CPU
		{EB0754FE-AB38-4680-8C84-ED875F4A62B7}.Release|iOS.Build.0 = Release|Any CPU
		{EB0754FE-AB38-4680-8C84-ED875F4A62B7}.Release|iPhone.ActiveCfg = Release|Any CPU
		{EB0754FE-AB38-4680-8C84-ED875F4A62B7}.Release|iPhone.Build.0 = Release|Any CPU
		{EB0754FE-AB38-4680-8C84-ED875F4A62B7}.Release|iPhoneSimulator.ActiveCfg = Release|Any CPU
		{EB0754FE-AB38-4680-8C84-ED875F4A62B7}.Release|iPhoneSimulator.Build.0 = Release|Any CPU
		{EB0754FE-AB38-4680-8C84-ED875F4A62B7}.Release|Windows-ARM.ActiveCfg = Release|Any CPU
		{EB0754FE-AB38-4680-8C84-ED875F4A62B7}.Release|Windows-ARM.Build.0 = Release|Any CPU
		{EB0754FE-AB38-4680-8C84-ED875F4A62B7}.Release|Windows-x64.ActiveCfg = Release|Any CPU
		{EB0754FE-AB38-4680-8C84-ED875F4A62B7}.Release|Windows-x64.Build.0 = Release|Any CPU
		{EB0754FE-AB38-4680-8C84-ED875F4A62B7}.Release|Windows-x86.ActiveCfg = Release|Any CPU
		{EB0754FE-AB38-4680-8C84-ED875F4A62B7}.Release|Windows-x86.Build.0 = Release|Any CPU
		{EB0754FE-AB38-4680-8C84-ED875F4A62B7}.Release|x64.ActiveCfg = Release|Any CPU
		{EB0754FE-AB38-4680-8C84-ED875F4A62B7}.Release|x64.Build.0 = Release|Any CPU
		{EB0754FE-AB38-4680-8C84-ED875F4A62B7}.Release|x86.ActiveCfg = Release|Any CPU
		{EB0754FE-AB38-4680-8C84-ED875F4A62B7}.Release|x86.Build.0 = Release|Any CPU
		{ED5A8F08-78D9-42E1-8FB6-2D615319BF32}.Ad-Hoc|Android.ActiveCfg = Release|Any CPU
		{ED5A8F08-78D9-42E1-8FB6-2D615319BF32}.Ad-Hoc|Android.Build.0 = Release|Any CPU
		{ED5A8F08-78D9-42E1-8FB6-2D615319BF32}.Ad-Hoc|Any CPU.ActiveCfg = Release|Any CPU
		{ED5A8F08-78D9-42E1-8FB6-2D615319BF32}.Ad-Hoc|Any CPU.Build.0 = Release|Any CPU
		{ED5A8F08-78D9-42E1-8FB6-2D615319BF32}.Ad-Hoc|ARM.ActiveCfg = Release|Any CPU
		{ED5A8F08-78D9-42E1-8FB6-2D615319BF32}.Ad-Hoc|ARM.Build.0 = Release|Any CPU
		{ED5A8F08-78D9-42E1-8FB6-2D615319BF32}.Ad-Hoc|iOS.ActiveCfg = Release|Any CPU
		{ED5A8F08-78D9-42E1-8FB6-2D615319BF32}.Ad-Hoc|iOS.Build.0 = Release|Any CPU
		{ED5A8F08-78D9-42E1-8FB6-2D615319BF32}.Ad-Hoc|iPhone.ActiveCfg = Release|Any CPU
		{ED5A8F08-78D9-42E1-8FB6-2D615319BF32}.Ad-Hoc|iPhone.Build.0 = Release|Any CPU
		{ED5A8F08-78D9-42E1-8FB6-2D615319BF32}.Ad-Hoc|iPhoneSimulator.ActiveCfg = Release|Any CPU
		{ED5A8F08-78D9-42E1-8FB6-2D615319BF32}.Ad-Hoc|iPhoneSimulator.Build.0 = Release|Any CPU
		{ED5A8F08-78D9-42E1-8FB6-2D615319BF32}.Ad-Hoc|Windows-ARM.ActiveCfg = Release|Any CPU
		{ED5A8F08-78D9-42E1-8FB6-2D615319BF32}.Ad-Hoc|Windows-ARM.Build.0 = Release|Any CPU
		{ED5A8F08-78D9-42E1-8FB6-2D615319BF32}.Ad-Hoc|Windows-x64.ActiveCfg = Release|Any CPU
		{ED5A8F08-78D9-42E1-8FB6-2D615319BF32}.Ad-Hoc|Windows-x64.Build.0 = Release|Any CPU
		{ED5A8F08-78D9-42E1-8FB6-2D615319BF32}.Ad-Hoc|Windows-x86.ActiveCfg = Release|Any CPU
		{ED5A8F08-78D9-42E1-8FB6-2D615319BF32}.Ad-Hoc|Windows-x86.Build.0 = Release|Any CPU
		{ED5A8F08-78D9-42E1-8FB6-2D615319BF32}.Ad-Hoc|x64.ActiveCfg = Release|Any CPU
		{ED5A8F08-78D9-42E1-8FB6-2D615319BF32}.Ad-Hoc|x64.Build.0 = Release|Any CPU
		{ED5A8F08-78D9-42E1-8FB6-2D615319BF32}.Ad-Hoc|x86.ActiveCfg = Release|Any CPU
		{ED5A8F08-78D9-42E1-8FB6-2D615319BF32}.Ad-Hoc|x86.Build.0 = Release|Any CPU
		{ED5A8F08-78D9-42E1-8FB6-2D615319BF32}.AppStore|Android.ActiveCfg = Release|Any CPU
		{ED5A8F08-78D9-42E1-8FB6-2D615319BF32}.AppStore|Android.Build.0 = Release|Any CPU
		{ED5A8F08-78D9-42E1-8FB6-2D615319BF32}.AppStore|Any CPU.ActiveCfg = Release|Any CPU
		{ED5A8F08-78D9-42E1-8FB6-2D615319BF32}.AppStore|Any CPU.Build.0 = Release|Any CPU
		{ED5A8F08-78D9-42E1-8FB6-2D615319BF32}.AppStore|ARM.ActiveCfg = Release|Any CPU
		{ED5A8F08-78D9-42E1-8FB6-2D615319BF32}.AppStore|ARM.Build.0 = Release|Any CPU
		{ED5A8F08-78D9-42E1-8FB6-2D615319BF32}.AppStore|iOS.ActiveCfg = Release|Any CPU
		{ED5A8F08-78D9-42E1-8FB6-2D615319BF32}.AppStore|iOS.Build.0 = Release|Any CPU
		{ED5A8F08-78D9-42E1-8FB6-2D615319BF32}.AppStore|iPhone.ActiveCfg = Release|Any CPU
		{ED5A8F08-78D9-42E1-8FB6-2D615319BF32}.AppStore|iPhone.Build.0 = Release|Any CPU
		{ED5A8F08-78D9-42E1-8FB6-2D615319BF32}.AppStore|iPhoneSimulator.ActiveCfg = Release|Any CPU
		{ED5A8F08-78D9-42E1-8FB6-2D615319BF32}.AppStore|iPhoneSimulator.Build.0 = Release|Any CPU
		{ED5A8F08-78D9-42E1-8FB6-2D615319BF32}.AppStore|Windows-ARM.ActiveCfg = Release|Any CPU
		{ED5A8F08-78D9-42E1-8FB6-2D615319BF32}.AppStore|Windows-ARM.Build.0 = Release|Any CPU
		{ED5A8F08-78D9-42E1-8FB6-2D615319BF32}.AppStore|Windows-x64.ActiveCfg = Release|Any CPU
		{ED5A8F08-78D9-42E1-8FB6-2D615319BF32}.AppStore|Windows-x64.Build.0 = Release|Any CPU
		{ED5A8F08-78D9-42E1-8FB6-2D615319BF32}.AppStore|Windows-x86.ActiveCfg = Release|Any CPU
		{ED5A8F08-78D9-42E1-8FB6-2D615319BF32}.AppStore|Windows-x86.Build.0 = Release|Any CPU
		{ED5A8F08-78D9-42E1-8FB6-2D615319BF32}.AppStore|x64.ActiveCfg = Release|Any CPU
		{ED5A8F08-78D9-42E1-8FB6-2D615319BF32}.AppStore|x64.Build.0 = Release|Any CPU
		{ED5A8F08-78D9-42E1-8FB6-2D615319BF32}.AppStore|x86.ActiveCfg = Release|Any CPU
		{ED5A8F08-78D9-42E1-8FB6-2D615319BF32}.AppStore|x86.Build.0 = Release|Any CPU
		{ED5A8F08-78D9-42E1-8FB6-2D615319BF32}.Debug|Android.ActiveCfg = Debug|Any CPU
		{ED5A8F08-78D9-42E1-8FB6-2D615319BF32}.Debug|Android.Build.0 = Debug|Any CPU
		{ED5A8F08-78D9-42E1-8FB6-2D615319BF32}.Debug|Any CPU.ActiveCfg = Debug|Any CPU
		{ED5A8F08-78D9-42E1-8FB6-2D615319BF32}.Debug|Any CPU.Build.0 = Debug|Any CPU
		{ED5A8F08-78D9-42E1-8FB6-2D615319BF32}.Debug|ARM.ActiveCfg = Debug|Any CPU
		{ED5A8F08-78D9-42E1-8FB6-2D615319BF32}.Debug|ARM.Build.0 = Debug|Any CPU
		{ED5A8F08-78D9-42E1-8FB6-2D615319BF32}.Debug|iOS.ActiveCfg = Debug|Any CPU
		{ED5A8F08-78D9-42E1-8FB6-2D615319BF32}.Debug|iOS.Build.0 = Debug|Any CPU
		{ED5A8F08-78D9-42E1-8FB6-2D615319BF32}.Debug|iPhone.ActiveCfg = Debug|Any CPU
		{ED5A8F08-78D9-42E1-8FB6-2D615319BF32}.Debug|iPhone.Build.0 = Debug|Any CPU
		{ED5A8F08-78D9-42E1-8FB6-2D615319BF32}.Debug|iPhoneSimulator.ActiveCfg = Debug|Any CPU
		{ED5A8F08-78D9-42E1-8FB6-2D615319BF32}.Debug|iPhoneSimulator.Build.0 = Debug|Any CPU
		{ED5A8F08-78D9-42E1-8FB6-2D615319BF32}.Debug|Windows-ARM.ActiveCfg = Debug|Any CPU
		{ED5A8F08-78D9-42E1-8FB6-2D615319BF32}.Debug|Windows-ARM.Build.0 = Debug|Any CPU
		{ED5A8F08-78D9-42E1-8FB6-2D615319BF32}.Debug|Windows-x64.ActiveCfg = Debug|Any CPU
		{ED5A8F08-78D9-42E1-8FB6-2D615319BF32}.Debug|Windows-x64.Build.0 = Debug|Any CPU
		{ED5A8F08-78D9-42E1-8FB6-2D615319BF32}.Debug|Windows-x86.ActiveCfg = Debug|Any CPU
		{ED5A8F08-78D9-42E1-8FB6-2D615319BF32}.Debug|Windows-x86.Build.0 = Debug|Any CPU
		{ED5A8F08-78D9-42E1-8FB6-2D615319BF32}.Debug|x64.ActiveCfg = Debug|Any CPU
		{ED5A8F08-78D9-42E1-8FB6-2D615319BF32}.Debug|x64.Build.0 = Debug|Any CPU
		{ED5A8F08-78D9-42E1-8FB6-2D615319BF32}.Debug|x86.ActiveCfg = Debug|Any CPU
		{ED5A8F08-78D9-42E1-8FB6-2D615319BF32}.Debug|x86.Build.0 = Debug|Any CPU
		{ED5A8F08-78D9-42E1-8FB6-2D615319BF32}.Release|Android.ActiveCfg = Release|Any CPU
		{ED5A8F08-78D9-42E1-8FB6-2D615319BF32}.Release|Android.Build.0 = Release|Any CPU
		{ED5A8F08-78D9-42E1-8FB6-2D615319BF32}.Release|Any CPU.ActiveCfg = Release|Any CPU
		{ED5A8F08-78D9-42E1-8FB6-2D615319BF32}.Release|Any CPU.Build.0 = Release|Any CPU
		{ED5A8F08-78D9-42E1-8FB6-2D615319BF32}.Release|ARM.ActiveCfg = Release|Any CPU
		{ED5A8F08-78D9-42E1-8FB6-2D615319BF32}.Release|ARM.Build.0 = Release|Any CPU
		{ED5A8F08-78D9-42E1-8FB6-2D615319BF32}.Release|iOS.ActiveCfg = Release|Any CPU
		{ED5A8F08-78D9-42E1-8FB6-2D615319BF32}.Release|iOS.Build.0 = Release|Any CPU
		{ED5A8F08-78D9-42E1-8FB6-2D615319BF32}.Release|iPhone.ActiveCfg = Release|Any CPU
		{ED5A8F08-78D9-42E1-8FB6-2D615319BF32}.Release|iPhone.Build.0 = Release|Any CPU
		{ED5A8F08-78D9-42E1-8FB6-2D615319BF32}.Release|iPhoneSimulator.ActiveCfg = Release|Any CPU
		{ED5A8F08-78D9-42E1-8FB6-2D615319BF32}.Release|iPhoneSimulator.Build.0 = Release|Any CPU
		{ED5A8F08-78D9-42E1-8FB6-2D615319BF32}.Release|Windows-ARM.ActiveCfg = Release|Any CPU
		{ED5A8F08-78D9-42E1-8FB6-2D615319BF32}.Release|Windows-ARM.Build.0 = Release|Any CPU
		{ED5A8F08-78D9-42E1-8FB6-2D615319BF32}.Release|Windows-x64.ActiveCfg = Release|Any CPU
		{ED5A8F08-78D9-42E1-8FB6-2D615319BF32}.Release|Windows-x64.Build.0 = Release|Any CPU
		{ED5A8F08-78D9-42E1-8FB6-2D615319BF32}.Release|Windows-x86.ActiveCfg = Release|Any CPU
		{ED5A8F08-78D9-42E1-8FB6-2D615319BF32}.Release|Windows-x86.Build.0 = Release|Any CPU
		{ED5A8F08-78D9-42E1-8FB6-2D615319BF32}.Release|x64.ActiveCfg = Release|Any CPU
		{ED5A8F08-78D9-42E1-8FB6-2D615319BF32}.Release|x64.Build.0 = Release|Any CPU
		{ED5A8F08-78D9-42E1-8FB6-2D615319BF32}.Release|x86.ActiveCfg = Release|Any CPU
		{ED5A8F08-78D9-42E1-8FB6-2D615319BF32}.Release|x86.Build.0 = Release|Any CPU
		{47CB8BE0-F0AC-4D88-9C1C-B4AEC6BACEE3}.Ad-Hoc|Android.ActiveCfg = Release|Any CPU
		{47CB8BE0-F0AC-4D88-9C1C-B4AEC6BACEE3}.Ad-Hoc|Android.Build.0 = Release|Any CPU
		{47CB8BE0-F0AC-4D88-9C1C-B4AEC6BACEE3}.Ad-Hoc|Any CPU.ActiveCfg = Release|Any CPU
		{47CB8BE0-F0AC-4D88-9C1C-B4AEC6BACEE3}.Ad-Hoc|Any CPU.Build.0 = Release|Any CPU
		{47CB8BE0-F0AC-4D88-9C1C-B4AEC6BACEE3}.Ad-Hoc|ARM.ActiveCfg = Release|Any CPU
		{47CB8BE0-F0AC-4D88-9C1C-B4AEC6BACEE3}.Ad-Hoc|ARM.Build.0 = Release|Any CPU
		{47CB8BE0-F0AC-4D88-9C1C-B4AEC6BACEE3}.Ad-Hoc|iOS.ActiveCfg = Release|Any CPU
		{47CB8BE0-F0AC-4D88-9C1C-B4AEC6BACEE3}.Ad-Hoc|iOS.Build.0 = Release|Any CPU
		{47CB8BE0-F0AC-4D88-9C1C-B4AEC6BACEE3}.Ad-Hoc|iPhone.ActiveCfg = Release|Any CPU
		{47CB8BE0-F0AC-4D88-9C1C-B4AEC6BACEE3}.Ad-Hoc|iPhone.Build.0 = Release|Any CPU
		{47CB8BE0-F0AC-4D88-9C1C-B4AEC6BACEE3}.Ad-Hoc|iPhoneSimulator.ActiveCfg = Release|Any CPU
		{47CB8BE0-F0AC-4D88-9C1C-B4AEC6BACEE3}.Ad-Hoc|iPhoneSimulator.Build.0 = Release|Any CPU
		{47CB8BE0-F0AC-4D88-9C1C-B4AEC6BACEE3}.Ad-Hoc|Windows-ARM.ActiveCfg = Release|Any CPU
		{47CB8BE0-F0AC-4D88-9C1C-B4AEC6BACEE3}.Ad-Hoc|Windows-ARM.Build.0 = Release|Any CPU
		{47CB8BE0-F0AC-4D88-9C1C-B4AEC6BACEE3}.Ad-Hoc|Windows-x64.ActiveCfg = Release|Any CPU
		{47CB8BE0-F0AC-4D88-9C1C-B4AEC6BACEE3}.Ad-Hoc|Windows-x64.Build.0 = Release|Any CPU
		{47CB8BE0-F0AC-4D88-9C1C-B4AEC6BACEE3}.Ad-Hoc|Windows-x86.ActiveCfg = Release|Any CPU
		{47CB8BE0-F0AC-4D88-9C1C-B4AEC6BACEE3}.Ad-Hoc|Windows-x86.Build.0 = Release|Any CPU
		{47CB8BE0-F0AC-4D88-9C1C-B4AEC6BACEE3}.Ad-Hoc|x64.ActiveCfg = Release|Any CPU
		{47CB8BE0-F0AC-4D88-9C1C-B4AEC6BACEE3}.Ad-Hoc|x64.Build.0 = Release|Any CPU
		{47CB8BE0-F0AC-4D88-9C1C-B4AEC6BACEE3}.Ad-Hoc|x86.ActiveCfg = Release|Any CPU
		{47CB8BE0-F0AC-4D88-9C1C-B4AEC6BACEE3}.Ad-Hoc|x86.Build.0 = Release|Any CPU
		{47CB8BE0-F0AC-4D88-9C1C-B4AEC6BACEE3}.AppStore|Android.ActiveCfg = Release|Any CPU
		{47CB8BE0-F0AC-4D88-9C1C-B4AEC6BACEE3}.AppStore|Android.Build.0 = Release|Any CPU
		{47CB8BE0-F0AC-4D88-9C1C-B4AEC6BACEE3}.AppStore|Any CPU.ActiveCfg = Release|Any CPU
		{47CB8BE0-F0AC-4D88-9C1C-B4AEC6BACEE3}.AppStore|Any CPU.Build.0 = Release|Any CPU
		{47CB8BE0-F0AC-4D88-9C1C-B4AEC6BACEE3}.AppStore|ARM.ActiveCfg = Release|Any CPU
		{47CB8BE0-F0AC-4D88-9C1C-B4AEC6BACEE3}.AppStore|ARM.Build.0 = Release|Any CPU
		{47CB8BE0-F0AC-4D88-9C1C-B4AEC6BACEE3}.AppStore|iOS.ActiveCfg = Release|Any CPU
		{47CB8BE0-F0AC-4D88-9C1C-B4AEC6BACEE3}.AppStore|iOS.Build.0 = Release|Any CPU
		{47CB8BE0-F0AC-4D88-9C1C-B4AEC6BACEE3}.AppStore|iPhone.ActiveCfg = Release|Any CPU
		{47CB8BE0-F0AC-4D88-9C1C-B4AEC6BACEE3}.AppStore|iPhone.Build.0 = Release|Any CPU
		{47CB8BE0-F0AC-4D88-9C1C-B4AEC6BACEE3}.AppStore|iPhoneSimulator.ActiveCfg = Release|Any CPU
		{47CB8BE0-F0AC-4D88-9C1C-B4AEC6BACEE3}.AppStore|iPhoneSimulator.Build.0 = Release|Any CPU
		{47CB8BE0-F0AC-4D88-9C1C-B4AEC6BACEE3}.AppStore|Windows-ARM.ActiveCfg = Release|Any CPU
		{47CB8BE0-F0AC-4D88-9C1C-B4AEC6BACEE3}.AppStore|Windows-ARM.Build.0 = Release|Any CPU
		{47CB8BE0-F0AC-4D88-9C1C-B4AEC6BACEE3}.AppStore|Windows-x64.ActiveCfg = Release|Any CPU
		{47CB8BE0-F0AC-4D88-9C1C-B4AEC6BACEE3}.AppStore|Windows-x64.Build.0 = Release|Any CPU
		{47CB8BE0-F0AC-4D88-9C1C-B4AEC6BACEE3}.AppStore|Windows-x86.ActiveCfg = Release|Any CPU
		{47CB8BE0-F0AC-4D88-9C1C-B4AEC6BACEE3}.AppStore|Windows-x86.Build.0 = Release|Any CPU
		{47CB8BE0-F0AC-4D88-9C1C-B4AEC6BACEE3}.AppStore|x64.ActiveCfg = Release|Any CPU
		{47CB8BE0-F0AC-4D88-9C1C-B4AEC6BACEE3}.AppStore|x64.Build.0 = Release|Any CPU
		{47CB8BE0-F0AC-4D88-9C1C-B4AEC6BACEE3}.AppStore|x86.ActiveCfg = Release|Any CPU
		{47CB8BE0-F0AC-4D88-9C1C-B4AEC6BACEE3}.AppStore|x86.Build.0 = Release|Any CPU
		{47CB8BE0-F0AC-4D88-9C1C-B4AEC6BACEE3}.Debug|Android.ActiveCfg = Debug|Any CPU
		{47CB8BE0-F0AC-4D88-9C1C-B4AEC6BACEE3}.Debug|Android.Build.0 = Debug|Any CPU
		{47CB8BE0-F0AC-4D88-9C1C-B4AEC6BACEE3}.Debug|Any CPU.ActiveCfg = Debug|Any CPU
		{47CB8BE0-F0AC-4D88-9C1C-B4AEC6BACEE3}.Debug|Any CPU.Build.0 = Debug|Any CPU
		{47CB8BE0-F0AC-4D88-9C1C-B4AEC6BACEE3}.Debug|ARM.ActiveCfg = Debug|Any CPU
		{47CB8BE0-F0AC-4D88-9C1C-B4AEC6BACEE3}.Debug|ARM.Build.0 = Debug|Any CPU
		{47CB8BE0-F0AC-4D88-9C1C-B4AEC6BACEE3}.Debug|iOS.ActiveCfg = Debug|Any CPU
		{47CB8BE0-F0AC-4D88-9C1C-B4AEC6BACEE3}.Debug|iOS.Build.0 = Debug|Any CPU
		{47CB8BE0-F0AC-4D88-9C1C-B4AEC6BACEE3}.Debug|iPhone.ActiveCfg = Debug|Any CPU
		{47CB8BE0-F0AC-4D88-9C1C-B4AEC6BACEE3}.Debug|iPhone.Build.0 = Debug|Any CPU
		{47CB8BE0-F0AC-4D88-9C1C-B4AEC6BACEE3}.Debug|iPhoneSimulator.ActiveCfg = Debug|Any CPU
		{47CB8BE0-F0AC-4D88-9C1C-B4AEC6BACEE3}.Debug|iPhoneSimulator.Build.0 = Debug|Any CPU
		{47CB8BE0-F0AC-4D88-9C1C-B4AEC6BACEE3}.Debug|Windows-ARM.ActiveCfg = Debug|Any CPU
		{47CB8BE0-F0AC-4D88-9C1C-B4AEC6BACEE3}.Debug|Windows-ARM.Build.0 = Debug|Any CPU
		{47CB8BE0-F0AC-4D88-9C1C-B4AEC6BACEE3}.Debug|Windows-x64.ActiveCfg = Debug|Any CPU
		{47CB8BE0-F0AC-4D88-9C1C-B4AEC6BACEE3}.Debug|Windows-x64.Build.0 = Debug|Any CPU
		{47CB8BE0-F0AC-4D88-9C1C-B4AEC6BACEE3}.Debug|Windows-x86.ActiveCfg = Debug|Any CPU
		{47CB8BE0-F0AC-4D88-9C1C-B4AEC6BACEE3}.Debug|Windows-x86.Build.0 = Debug|Any CPU
		{47CB8BE0-F0AC-4D88-9C1C-B4AEC6BACEE3}.Debug|x64.ActiveCfg = Debug|Any CPU
		{47CB8BE0-F0AC-4D88-9C1C-B4AEC6BACEE3}.Debug|x64.Build.0 = Debug|Any CPU
		{47CB8BE0-F0AC-4D88-9C1C-B4AEC6BACEE3}.Debug|x86.ActiveCfg = Debug|Any CPU
		{47CB8BE0-F0AC-4D88-9C1C-B4AEC6BACEE3}.Debug|x86.Build.0 = Debug|Any CPU
		{47CB8BE0-F0AC-4D88-9C1C-B4AEC6BACEE3}.Release|Android.ActiveCfg = Release|Any CPU
		{47CB8BE0-F0AC-4D88-9C1C-B4AEC6BACEE3}.Release|Android.Build.0 = Release|Any CPU
		{47CB8BE0-F0AC-4D88-9C1C-B4AEC6BACEE3}.Release|Any CPU.ActiveCfg = Release|Any CPU
		{47CB8BE0-F0AC-4D88-9C1C-B4AEC6BACEE3}.Release|Any CPU.Build.0 = Release|Any CPU
		{47CB8BE0-F0AC-4D88-9C1C-B4AEC6BACEE3}.Release|ARM.ActiveCfg = Release|Any CPU
		{47CB8BE0-F0AC-4D88-9C1C-B4AEC6BACEE3}.Release|ARM.Build.0 = Release|Any CPU
		{47CB8BE0-F0AC-4D88-9C1C-B4AEC6BACEE3}.Release|iOS.ActiveCfg = Release|Any CPU
		{47CB8BE0-F0AC-4D88-9C1C-B4AEC6BACEE3}.Release|iOS.Build.0 = Release|Any CPU
		{47CB8BE0-F0AC-4D88-9C1C-B4AEC6BACEE3}.Release|iPhone.ActiveCfg = Release|Any CPU
		{47CB8BE0-F0AC-4D88-9C1C-B4AEC6BACEE3}.Release|iPhone.Build.0 = Release|Any CPU
		{47CB8BE0-F0AC-4D88-9C1C-B4AEC6BACEE3}.Release|iPhoneSimulator.ActiveCfg = Release|Any CPU
		{47CB8BE0-F0AC-4D88-9C1C-B4AEC6BACEE3}.Release|iPhoneSimulator.Build.0 = Release|Any CPU
		{47CB8BE0-F0AC-4D88-9C1C-B4AEC6BACEE3}.Release|Windows-ARM.ActiveCfg = Release|Any CPU
		{47CB8BE0-F0AC-4D88-9C1C-B4AEC6BACEE3}.Release|Windows-ARM.Build.0 = Release|Any CPU
		{47CB8BE0-F0AC-4D88-9C1C-B4AEC6BACEE3}.Release|Windows-x64.ActiveCfg = Release|Any CPU
		{47CB8BE0-F0AC-4D88-9C1C-B4AEC6BACEE3}.Release|Windows-x64.Build.0 = Release|Any CPU
		{47CB8BE0-F0AC-4D88-9C1C-B4AEC6BACEE3}.Release|Windows-x86.ActiveCfg = Release|Any CPU
		{47CB8BE0-F0AC-4D88-9C1C-B4AEC6BACEE3}.Release|Windows-x86.Build.0 = Release|Any CPU
		{47CB8BE0-F0AC-4D88-9C1C-B4AEC6BACEE3}.Release|x64.ActiveCfg = Release|Any CPU
		{47CB8BE0-F0AC-4D88-9C1C-B4AEC6BACEE3}.Release|x64.Build.0 = Release|Any CPU
		{47CB8BE0-F0AC-4D88-9C1C-B4AEC6BACEE3}.Release|x86.ActiveCfg = Release|Any CPU
		{47CB8BE0-F0AC-4D88-9C1C-B4AEC6BACEE3}.Release|x86.Build.0 = Release|Any CPU
	EndGlobalSection
	GlobalSection(SolutionProperties) = preSolution
		HideSolutionNode = FALSE
	EndGlobalSection
	GlobalSection(NestedProjects) = preSolution
		{4AE8AD86-DDA7-4378-9C17-A88E67E484AC} = {FB5068BE-3C4F-462E-9D7C-5242908667C6}
		{EB0754FE-AB38-4680-8C84-ED875F4A62B7} = {FB5068BE-3C4F-462E-9D7C-5242908667C6}
	EndGlobalSection
EndGlobal
